lockfileVersion: 5.3

specifiers:
  '@yellowgarbagegroup/some-library': 1.0.0
  typescript: ^4.3.5

dependencies:
  '@yellowgarbagegroup/some-library': 1.0.0
  typescript: 4.3.5

packages:

  /@yellowgarbagegroup/some-library/1.0.0:
    resolution: {integrity: sha1-1o8WI5YiuG6VvY0jdzTUKI2bO10=, tarball: https://gitlab.com/api/v4/projects/28705297/packages/npm/@yellowgarbagegroup/some-library/-/@yellowgarbagegroup/some-library-1.0.0.tgz}
    dev: false

  /typescript/4.3.5:
    resolution: {integrity: sha512-DqQgihaQ9cUrskJo9kIyW/+g0Vxsk8cDtZ52a3NGh0YNTfpUSArXSohyUGnvbPazEPLu398C0UxmKSOrPumUzA==}
    engines: {node: '>=4.2.0'}
    hasBin: true
    dev: false
