lockfileVersion: 5.3

specifiers:
  '@4s1/some-library': 3.1.3
  typescript: 4.4.2

dependencies:
  '@4s1/some-library': 3.1.3

devDependencies:
  typescript: 4.4.2

packages:

  /@4s1/some-library/3.1.3:
    resolution: {integrity: sha1-gb7L/zt5SSgcdpDbuIA5vy2rt9k=, tarball: https://gitlab.com/api/v4/projects/28705297/packages/npm/@4s1/some-library/-/@4s1/some-library-3.1.3.tgz}
    dev: false

  /typescript/4.4.2:
    resolution: {integrity: sha512-gzP+t5W4hdy4c+68bfcv0t400HVJMMd2+H9B7gae1nQlBzCqvrXX+6GL/b3GAgyTH966pzrZ70/fRjwAtZksSQ==}
    engines: {node: '>=4.2.0'}
    hasBin: true
    dev: true
